{
  "version": 4,
  "terraform_version": "0.15.3",
  "serial": 7,
  "lineage": "2283b54f-c973-e51d-87fe-c1b7eb4e0aa9",
  "outputs": {},
  "resources": [
    {
      "module": "module.backend",
      "mode": "managed",
      "type": "local_file",
      "name": "config",
      "provider": "provider[\"registry.terraform.io/hashicorp/local\"]",
      "instances": [
        {
          "schema_version": 0,
          "attributes": {
            "content": "terraform {\n  required_version = \"\u003e= 0.12.2\"\n\n  backend \"s3\" {\n    region         = \"us-east-1\"\n    bucket         = \"tutorial-backend-tf-state\"\n    key            = \"terraform.tfstate\"\n    dynamodb_table = \"tutorial-backend-tf-state-lock\"\n    profile        = \"\"\n    role_arn       = \"\"\n    encrypt        = \"true\"\n  }\n}\n",
            "content_base64": null,
            "directory_permission": "0777",
            "file_permission": "0777",
            "filename": ".././backend.tf",
            "id": "215c6989c6e51124adf23e102db51495e6f2a35c",
            "sensitive_content": null,
            "source": null
          },
          "sensitive_attributes": [],
          "private": "bnVsbA==",
          "dependencies": [
            "module.backend.module.terraform_state_backend.aws_dynamodb_table.with_server_side_encryption",
            "module.backend.module.terraform_state_backend.aws_dynamodb_table.without_server_side_encryption",
            "module.backend.module.terraform_state_backend.aws_iam_role.replication",
            "module.backend.module.terraform_state_backend.aws_s3_bucket.default",
            "module.backend.module.terraform_state_backend.data.aws_iam_policy_document.prevent_unencrypted_uploads",
            "module.backend.module.terraform_state_backend.data.aws_region.current",
            "module.backend.module.terraform_state_backend.data.template_file.terraform_backend_config"
          ]
        }
      ]
    },
    {
      "module": "module.backend.module.terraform_state_backend",
      "mode": "data",
      "type": "aws_iam_policy_document",
      "name": "prevent_unencrypted_uploads",
      "provider": "provider[\"registry.terraform.io/hashicorp/aws\"]",
      "instances": [
        {
          "index_key": 0,
          "schema_version": 0,
          "attributes": {
            "id": "2527970299",
            "json": "{\n  \"Version\": \"2012-10-17\",\n  \"Statement\": [\n    {\n      \"Sid\": \"DenyIncorrectEncryptionHeader\",\n      \"Effect\": \"Deny\",\n      \"Action\": \"s3:PutObject\",\n      \"Resource\": \"arn:aws:s3:::tutorial-backend-tf-state/*\",\n      \"Principal\": {\n        \"AWS\": \"*\"\n      },\n      \"Condition\": {\n        \"StringNotEquals\": {\n          \"s3:x-amz-server-side-encryption\": [\n            \"AES256\",\n            \"aws:kms\"\n          ]\n        }\n      }\n    },\n    {\n      \"Sid\": \"DenyUnEncryptedObjectUploads\",\n      \"Effect\": \"Deny\",\n      \"Action\": \"s3:PutObject\",\n      \"Resource\": \"arn:aws:s3:::tutorial-backend-tf-state/*\",\n      \"Principal\": {\n        \"AWS\": \"*\"\n      },\n      \"Condition\": {\n        \"Null\": {\n          \"s3:x-amz-server-side-encryption\": [\n            \"true\"\n          ]\n        }\n      }\n    },\n    {\n      \"Sid\": \"EnforceTlsRequestsOnly\",\n      \"Effect\": \"Deny\",\n      \"Action\": \"s3:*\",\n      \"Resource\": [\n        \"arn:aws:s3:::tutorial-backend-tf-state/*\",\n        \"arn:aws:s3:::tutorial-backend-tf-state\"\n      ],\n      \"Principal\": {\n        \"AWS\": \"*\"\n      },\n      \"Condition\": {\n        \"Bool\": {\n          \"aws:SecureTransport\": [\n            \"false\"\n          ]\n        }\n      }\n    }\n  ]\n}",
            "override_json": null,
            "override_policy_documents": null,
            "policy_id": null,
            "source_json": null,
            "source_policy_documents": null,
            "statement": [
              {
                "actions": [
                  "s3:PutObject"
                ],
                "condition": [
                  {
                    "test": "StringNotEquals",
                    "values": [
                      "AES256",
                      "aws:kms"
                    ],
                    "variable": "s3:x-amz-server-side-encryption"
                  }
                ],
                "effect": "Deny",
                "not_actions": [],
                "not_principals": [],
                "not_resources": [],
                "principals": [
                  {
                    "identifiers": [
                      "*"
                    ],
                    "type": "AWS"
                  }
                ],
                "resources": [
                  "arn:aws:s3:::tutorial-backend-tf-state/*"
                ],
                "sid": "DenyIncorrectEncryptionHeader"
              },
              {
                "actions": [
                  "s3:PutObject"
                ],
                "condition": [
                  {
                    "test": "Null",
                    "values": [
                      "true"
                    ],
                    "variable": "s3:x-amz-server-side-encryption"
                  }
                ],
                "effect": "Deny",
                "not_actions": [],
                "not_principals": [],
                "not_resources": [],
                "principals": [
                  {
                    "identifiers": [
                      "*"
                    ],
                    "type": "AWS"
                  }
                ],
                "resources": [
                  "arn:aws:s3:::tutorial-backend-tf-state/*"
                ],
                "sid": "DenyUnEncryptedObjectUploads"
              },
              {
                "actions": [
                  "s3:*"
                ],
                "condition": [
                  {
                    "test": "Bool",
                    "values": [
                      "false"
                    ],
                    "variable": "aws:SecureTransport"
                  }
                ],
                "effect": "Deny",
                "not_actions": [],
                "not_principals": [],
                "not_resources": [],
                "principals": [
                  {
                    "identifiers": [
                      "*"
                    ],
                    "type": "AWS"
                  }
                ],
                "resources": [
                  "arn:aws:s3:::tutorial-backend-tf-state",
                  "arn:aws:s3:::tutorial-backend-tf-state/*"
                ],
                "sid": "EnforceTlsRequestsOnly"
              }
            ],
            "version": "2012-10-17"
          },
          "sensitive_attributes": []
        }
      ]
    },
    {
      "module": "module.backend.module.terraform_state_backend",
      "mode": "data",
      "type": "aws_region",
      "name": "current",
      "provider": "provider[\"registry.terraform.io/hashicorp/aws\"]",
      "instances": [
        {
          "schema_version": 0,
          "attributes": {
            "description": "US East (N. Virginia)",
            "endpoint": "ec2.us-east-1.amazonaws.com",
            "id": "us-east-1",
            "name": "us-east-1"
          },
          "sensitive_attributes": []
        }
      ]
    },
    {
      "module": "module.backend.module.terraform_state_backend",
      "mode": "data",
      "type": "template_file",
      "name": "terraform_backend_config",
      "provider": "provider[\"registry.terraform.io/hashicorp/template\"]",
      "instances": [
        {
          "schema_version": 0,
          "attributes": {
            "filename": null,
            "id": "e676279e6451bfe78ee0ef82769cf17f5f7b1b97cd96f66c22bd3eb5f8c76be4",
            "rendered": "terraform {\n  required_version = \"\u003e= 0.12.2\"\n\n  backend \"s3\" {\n    region         = \"us-east-1\"\n    bucket         = \"tutorial-backend-tf-state\"\n    key            = \"terraform.tfstate\"\n    dynamodb_table = \"tutorial-backend-tf-state-lock\"\n    profile        = \"\"\n    role_arn       = \"\"\n    encrypt        = \"true\"\n  }\n}\n",
            "template": "terraform {\n  required_version = \"\u003e= ${terraform_version}\"\n\n  backend \"s3\" {\n    region         = \"${region}\"\n    bucket         = \"${bucket}\"\n    key            = \"${terraform_state_file}\"\n    dynamodb_table = \"${dynamodb_table}\"\n    profile        = \"${profile}\"\n    role_arn       = \"${role_arn}\"\n    encrypt        = \"${encrypt}\"\n  }\n}\n",
            "vars": {
              "bucket": "tutorial-backend-tf-state",
              "dynamodb_table": "tutorial-backend-tf-state-lock",
              "encrypt": "true",
              "name": "tf",
              "namespace": "tutorial-backend",
              "profile": "",
              "region": "us-east-1",
              "role_arn": "",
              "terraform_state_file": "terraform.tfstate",
              "terraform_version": "0.12.2"
            }
          },
          "sensitive_attributes": []
        }
      ]
    },
    {
      "module": "module.backend.module.terraform_state_backend",
      "mode": "managed",
      "type": "aws_dynamodb_table",
      "name": "with_server_side_encryption",
      "provider": "provider[\"registry.terraform.io/hashicorp/aws\"]",
      "instances": [
        {
          "index_key": 0,
          "schema_version": 1,
          "attributes": {
            "arn": "arn:aws:dynamodb:us-east-1:577583076761:table/tutorial-backend-tf-state-lock",
            "attribute": [
              {
                "name": "LockID",
                "type": "S"
              }
            ],
            "billing_mode": "PROVISIONED",
            "global_secondary_index": [],
            "hash_key": "LockID",
            "id": "tutorial-backend-tf-state-lock",
            "local_secondary_index": [],
            "name": "tutorial-backend-tf-state-lock",
            "point_in_time_recovery": [
              {
                "enabled": true
              }
            ],
            "range_key": null,
            "read_capacity": 5,
            "replica": [],
            "server_side_encryption": [
              {
                "enabled": true,
                "kms_key_arn": "arn:aws:kms:us-east-1:577583076761:key/77ba716d-8960-461b-8cc0-d7d1cc1024d0"
              }
            ],
            "stream_arn": "",
            "stream_enabled": false,
            "stream_label": "",
            "stream_view_type": "",
            "tags": {
              "Attributes": "state-lock",
              "Name": "tutorial-backend-tf-state-lock",
              "Namespace": "tutorial-backend"
            },
            "tags_all": {
              "Attributes": "state-lock",
              "Name": "tutorial-backend-tf-state-lock",
              "Namespace": "tutorial-backend"
            },
            "timeouts": null,
            "ttl": [
              {
                "attribute_name": "",
                "enabled": false,
                "kms_key_arn": ""
              }
            ],
            "write_capacity": 5
          },
          "sensitive_attributes": [],
          "private": "eyJlMmJmYjczMC1lY2FhLTExZTYtOGY4OC0zNDM2M2JjN2M0YzAiOnsiY3JlYXRlIjoxMjAwMDAwMDAwMDAwLCJkZWxldGUiOjYwMDAwMDAwMDAwMCwidXBkYXRlIjozNjAwMDAwMDAwMDAwfSwic2NoZW1hX3ZlcnNpb24iOiIxIn0="
        }
      ]
    },
    {
      "module": "module.backend.module.terraform_state_backend",
      "mode": "managed",
      "type": "aws_s3_bucket",
      "name": "default",
      "provider": "provider[\"registry.terraform.io/hashicorp/aws\"]",
      "instances": [
        {
          "schema_version": 0,
          "attributes": {
            "acceleration_status": "",
            "acl": "private",
            "arn": "arn:aws:s3:::tutorial-backend-tf-state",
            "bucket": "tutorial-backend-tf-state",
            "bucket_domain_name": "tutorial-backend-tf-state.s3.amazonaws.com",
            "bucket_prefix": null,
            "bucket_regional_domain_name": "tutorial-backend-tf-state.s3.amazonaws.com",
            "cors_rule": [],
            "force_destroy": false,
            "grant": [],
            "hosted_zone_id": "Z3AQBSTGFYJSTF",
            "id": "tutorial-backend-tf-state",
            "lifecycle_rule": [],
            "logging": [],
            "object_lock_configuration": [],
            "policy": "{\"Statement\":[{\"Action\":\"s3:PutObject\",\"Condition\":{\"StringNotEquals\":{\"s3:x-amz-server-side-encryption\":[\"AES256\",\"aws:kms\"]}},\"Effect\":\"Deny\",\"Principal\":{\"AWS\":\"*\"},\"Resource\":\"arn:aws:s3:::tutorial-backend-tf-state/*\",\"Sid\":\"DenyIncorrectEncryptionHeader\"},{\"Action\":\"s3:PutObject\",\"Condition\":{\"Null\":{\"s3:x-amz-server-side-encryption\":\"true\"}},\"Effect\":\"Deny\",\"Principal\":{\"AWS\":\"*\"},\"Resource\":\"arn:aws:s3:::tutorial-backend-tf-state/*\",\"Sid\":\"DenyUnEncryptedObjectUploads\"},{\"Action\":\"s3:*\",\"Condition\":{\"Bool\":{\"aws:SecureTransport\":\"false\"}},\"Effect\":\"Deny\",\"Principal\":{\"AWS\":\"*\"},\"Resource\":[\"arn:aws:s3:::tutorial-backend-tf-state/*\",\"arn:aws:s3:::tutorial-backend-tf-state\"],\"Sid\":\"EnforceTlsRequestsOnly\"}],\"Version\":\"2012-10-17\"}",
            "region": "us-east-1",
            "replication_configuration": [],
            "request_payer": "BucketOwner",
            "server_side_encryption_configuration": [
              {
                "rule": [
                  {
                    "apply_server_side_encryption_by_default": [
                      {
                        "kms_master_key_id": "",
                        "sse_algorithm": "AES256"
                      }
                    ],
                    "bucket_key_enabled": false
                  }
                ]
              }
            ],
            "tags": {
              "Attributes": "state",
              "Name": "tutorial-backend-tf-state",
              "Namespace": "tutorial-backend"
            },
            "tags_all": {
              "Attributes": "state",
              "Name": "tutorial-backend-tf-state",
              "Namespace": "tutorial-backend"
            },
            "versioning": [
              {
                "enabled": true,
                "mfa_delete": false
              }
            ],
            "website": [],
            "website_domain": null,
            "website_endpoint": null
          },
          "sensitive_attributes": [],
          "private": "bnVsbA==",
          "dependencies": [
            "module.backend.module.terraform_state_backend.aws_iam_role.replication",
            "module.backend.module.terraform_state_backend.data.aws_iam_policy_document.prevent_unencrypted_uploads"
          ]
        }
      ]
    },
    {
      "module": "module.backend.module.terraform_state_backend",
      "mode": "managed",
      "type": "aws_s3_bucket_public_access_block",
      "name": "default",
      "provider": "provider[\"registry.terraform.io/hashicorp/aws\"]",
      "instances": [
        {
          "index_key": 0,
          "schema_version": 0,
          "attributes": {
            "block_public_acls": true,
            "block_public_policy": true,
            "bucket": "tutorial-backend-tf-state",
            "id": "tutorial-backend-tf-state",
            "ignore_public_acls": true,
            "restrict_public_buckets": true
          },
          "sensitive_attributes": [],
          "private": "bnVsbA==",
          "dependencies": [
            "module.backend.module.terraform_state_backend.aws_iam_role.replication",
            "module.backend.module.terraform_state_backend.aws_s3_bucket.default",
            "module.backend.module.terraform_state_backend.data.aws_iam_policy_document.prevent_unencrypted_uploads"
          ]
        }
      ]
    },
    {
      "module": "module.backend.module.terraform_state_backend",
      "mode": "managed",
      "type": "local_file",
      "name": "terraform_backend_config",
      "provider": "provider[\"registry.terraform.io/hashicorp/local\"]",
      "instances": [
        {
          "index_key": 0,
          "schema_version": 0,
          "attributes": {
            "content": "terraform {\n  required_version = \"\u003e= 0.12.2\"\n\n  backend \"s3\" {\n    region         = \"us-east-1\"\n    bucket         = \"tutorial-backend-tf-state\"\n    key            = \"terraform.tfstate\"\n    dynamodb_table = \"tutorial-backend-tf-state-lock\"\n    profile        = \"\"\n    role_arn       = \"\"\n    encrypt        = \"true\"\n  }\n}\n",
            "content_base64": null,
            "directory_permission": "0777",
            "file_permission": "0644",
            "filename": "./backend.tf",
            "id": "215c6989c6e51124adf23e102db51495e6f2a35c",
            "sensitive_content": null,
            "source": null
          },
          "sensitive_attributes": [],
          "private": "bnVsbA==",
          "dependencies": [
            "module.backend.module.terraform_state_backend.aws_dynamodb_table.with_server_side_encryption",
            "module.backend.module.terraform_state_backend.aws_dynamodb_table.without_server_side_encryption",
            "module.backend.module.terraform_state_backend.aws_iam_role.replication",
            "module.backend.module.terraform_state_backend.aws_s3_bucket.default",
            "module.backend.module.terraform_state_backend.data.aws_iam_policy_document.prevent_unencrypted_uploads",
            "module.backend.module.terraform_state_backend.data.aws_region.current",
            "module.backend.module.terraform_state_backend.data.template_file.terraform_backend_config"
          ]
        }
      ]
    }
  ]
}
